
Microsoft Visual Studio Solution File, Format Version 12.00
# Visual Studio Version 17
VisualStudioVersion = 17.5.002.0
MinimumVisualStudioVersion = 10.0.40219.1
Project("{9A19103F-16F7-4668-BE54-9A1E7A4F7556}") = "ReminderEmailApi", "ReminderEmailApi.csproj", "{70953FFB-1E6A-4BF5-8794-AEE6CC1E5BC4}"
EndProject
Global
	GlobalSection(SolutionConfigurationPlatforms) = preSolution
		Debug|Any CPU = Debug|Any CPU
		Release|Any CPU = Release|Any CPU
	EndGlobalSection
	GlobalSection(ProjectConfigurationPlatforms) = postSolution
		{70953FFB-1E6A-4BF5-8794-AEE6CC1E5BC4}.Debug|Any CPU.ActiveCfg = Debug|Any CPU
		{70953FFB-1E6A-4BF5-8794-AEE6CC1E5BC4}.Debug|Any CPU.Build.0 = Debug|Any CPU
		{70953FFB-1E6A-4BF5-8794-AEE6CC1E5BC4}.Release|Any CPU.ActiveCfg = Release|Any CPU
		{70953FFB-1E6A-4BF5-8794-AEE6CC1E5BC4}.Release|Any CPU.Build.0 = Release|Any CPU
	EndGlobalSection
	GlobalSection(SolutionProperties) = preSolution
		HideSolutionNode = FALSE
	EndGlobalSection
	GlobalSection(ExtensibilityGlobals) = postSolution
		SolutionGuid = {EAF3ECA3-2185-4032-8642-55ABD7EB5471}
	EndGlobalSection
EndGlobal
